// !$*UTF8*$!
{
	archiveVersion = 1;
	classes = {
	};
	objectVersion = 60;
	objects = {

/* Begin PBXBuildFile section */
		2D7BBE522CA21B420070EAF9 /* main.cpp in Sources */ = {isa = PBXBuildFile; fileRef = 2D7BBE512CA21B420070EAF9 /* main.cpp */; };
		2D7BBE572CA3755E0070EAF9 /* point.cpp in Sources */ = {isa = PBXBuildFile; fileRef = 2D7BBE562CA3755E0070EAF9 /* point.cpp */; };
		2D7BBE5C2CA3798A0070EAF9 /* shape.cpp in Sources */ = {isa = PBXBuildFile; fileRef = 2D7BBE5B2CA3798A0070EAF9 /* shape.cpp */; };
		2D7BBE5E2CA3A0CE0070EAF9 /* square.cpp in Sources */ = {isa = PBXBuildFile; fileRef = 2D7BBE5D2CA3A0CE0070EAF9 /* square.cpp */; };
		2D7BBE622CA3CEAA0070EAF9 /* rectangle.cpp in Sources */ = {isa = PBXBuildFile; fileRef = 2D7BBE612CA3CEAA0070EAF9 /* rectangle.cpp */; };
		2D7BBE642CA3D0F50070EAF9 /* graphicsWorld.cpp in Sources */ = {isa = PBXBuildFile; fileRef = 2D7BBE632CA3D0F50070EAF9 /* graphicsWorld.cpp */; };
		2DB1EF352C9C808300B0957D /* mystring_B.cpp in Sources */ = {isa = PBXBuildFile; fileRef = 2DB1EF342C9C808300B0957D /* mystring_B.cpp */; };
		2DB1EF362C9C808300B0957D /* dictionaryList.cpp in Sources */ = {isa = PBXBuildFile; fileRef = 2DB1EF312C9C808300B0957D /* dictionaryList.cpp */; };
		2DB1EF372C9C808300B0957D /* exBmain.cpp in Sources */ = {isa = PBXBuildFile; fileRef = 2DB1EF322C9C808300B0957D /* exBmain.cpp */; };
/* End PBXBuildFile section */

/* Begin PBXCopyFilesBuildPhase section */
		2D7BBE4D2CA21B420070EAF9 /* CopyFiles */ = {
			isa = PBXCopyFilesBuildPhase;
			buildActionMask = 2147483647;
			dstPath = /usr/share/man/man1/;
			dstSubfolderSpec = 0;
			files = (
			);
			runOnlyForDeploymentPostprocessing = 1;
		};
		2DB1EF192C9C802500B0957D /* CopyFiles */ = {
			isa = PBXCopyFilesBuildPhase;
			buildActionMask = 2147483647;
			dstPath = /usr/share/man/man1/;
			dstSubfolderSpec = 0;
			files = (
			);
			runOnlyForDeploymentPostprocessing = 1;
		};
		2DB1EF272C9C805100B0957D /* CopyFiles */ = {
			isa = PBXCopyFilesBuildPhase;
			buildActionMask = 2147483647;
			dstPath = /usr/share/man/man1/;
			dstSubfolderSpec = 0;
			files = (
			);
			runOnlyForDeploymentPostprocessing = 1;
		};
/* End PBXCopyFilesBuildPhase section */

/* Begin PBXFileReference section */
		2D7BBE4F2CA21B420070EAF9 /* ExerciseB */ = {isa = PBXFileReference; explicitFileType = "compiled.mach-o.executable"; includeInIndex = 0; path = ExerciseB; sourceTree = BUILT_PRODUCTS_DIR; };
		2D7BBE512CA21B420070EAF9 /* main.cpp */ = {isa = PBXFileReference; lastKnownFileType = sourcecode.cpp.cpp; path = main.cpp; sourceTree = "<group>"; };
		2D7BBE562CA3755E0070EAF9 /* point.cpp */ = {isa = PBXFileReference; lastKnownFileType = sourcecode.cpp.cpp; path = point.cpp; sourceTree = "<group>"; };
		2D7BBE582CA375710070EAF9 /* point.h */ = {isa = PBXFileReference; lastKnownFileType = sourcecode.c.h; path = point.h; sourceTree = "<group>"; };
		2D7BBE5A2CA3797A0070EAF9 /* shape.h */ = {isa = PBXFileReference; lastKnownFileType = sourcecode.c.h; path = shape.h; sourceTree = "<group>"; };
		2D7BBE5B2CA3798A0070EAF9 /* shape.cpp */ = {isa = PBXFileReference; lastKnownFileType = sourcecode.cpp.cpp; path = shape.cpp; sourceTree = "<group>"; };
		2D7BBE5D2CA3A0CE0070EAF9 /* square.cpp */ = {isa = PBXFileReference; lastKnownFileType = sourcecode.cpp.cpp; path = square.cpp; sourceTree = "<group>"; };
		2D7BBE5F2CA3A0D90070EAF9 /* square.h */ = {isa = PBXFileReference; lastKnownFileType = sourcecode.c.h; path = square.h; sourceTree = "<group>"; };
		2D7BBE602CA3CE9A0070EAF9 /* rectangle.h */ = {isa = PBXFileReference; lastKnownFileType = sourcecode.c.h; path = rectangle.h; sourceTree = "<group>"; };
		2D7BBE612CA3CEAA0070EAF9 /* rectangle.cpp */ = {isa = PBXFileReference; lastKnownFileType = sourcecode.cpp.cpp; path = rectangle.cpp; sourceTree = "<group>"; };
		2D7BBE632CA3D0F50070EAF9 /* graphicsWorld.cpp */ = {isa = PBXFileReference; lastKnownFileType = sourcecode.cpp.cpp; path = graphicsWorld.cpp; sourceTree = "<group>"; };
		2D7BBE652CA3D1000070EAF9 /* graphicsWorld.h */ = {isa = PBXFileReference; lastKnownFileType = sourcecode.c.h; path = graphicsWorld.h; sourceTree = "<group>"; };
		2DB1EF1B2C9C802500B0957D /* ENSF-614_Lab2 */ = {isa = PBXFileReference; explicitFileType = "compiled.mach-o.executable"; includeInIndex = 0; path = "ENSF-614_Lab2"; sourceTree = BUILT_PRODUCTS_DIR; };
		2DB1EF292C9C805100B0957D /* ExerciseA */ = {isa = PBXFileReference; explicitFileType = "compiled.mach-o.executable"; includeInIndex = 0; path = ExerciseA; sourceTree = BUILT_PRODUCTS_DIR; };
		2DB1EF302C9C808300B0957D /* dictionaryList.h */ = {isa = PBXFileReference; lastKnownFileType = sourcecode.c.h; path = dictionaryList.h; sourceTree = "<group>"; };
		2DB1EF312C9C808300B0957D /* dictionaryList.cpp */ = {isa = PBXFileReference; lastKnownFileType = sourcecode.cpp.cpp; path = dictionaryList.cpp; sourceTree = "<group>"; };
		2DB1EF322C9C808300B0957D /* exBmain.cpp */ = {isa = PBXFileReference; lastKnownFileType = sourcecode.cpp.cpp; path = exBmain.cpp; sourceTree = "<group>"; };
		2DB1EF332C9C808300B0957D /* mystring_B.h */ = {isa = PBXFileReference; lastKnownFileType = sourcecode.c.h; path = mystring_B.h; sourceTree = "<group>"; };
		2DB1EF342C9C808300B0957D /* mystring_B.cpp */ = {isa = PBXFileReference; lastKnownFileType = sourcecode.cpp.cpp; path = mystring_B.cpp; sourceTree = "<group>"; };
/* End PBXFileReference section */

/* Begin PBXFrameworksBuildPhase section */
		2D7BBE4C2CA21B420070EAF9 /* Frameworks */ = {
			isa = PBXFrameworksBuildPhase;
			buildActionMask = 2147483647;
			files = (
			);
			runOnlyForDeploymentPostprocessing = 0;
		};
		2DB1EF182C9C802500B0957D /* Frameworks */ = {
			isa = PBXFrameworksBuildPhase;
			buildActionMask = 2147483647;
			files = (
			);
			runOnlyForDeploymentPostprocessing = 0;
		};
		2DB1EF262C9C805100B0957D /* Frameworks */ = {
			isa = PBXFrameworksBuildPhase;
			buildActionMask = 2147483647;
			files = (
			);
			runOnlyForDeploymentPostprocessing = 0;
		};
/* End PBXFrameworksBuildPhase section */

/* Begin PBXGroup section */
		2D7BBE502CA21B420070EAF9 /* ExerciseB */ = {
			isa = PBXGroup;
			children = (
				2D7BBE512CA21B420070EAF9 /* main.cpp */,
				2D7BBE562CA3755E0070EAF9 /* point.cpp */,
				2D7BBE5B2CA3798A0070EAF9 /* shape.cpp */,
				2D7BBE5D2CA3A0CE0070EAF9 /* square.cpp */,
				2D7BBE612CA3CEAA0070EAF9 /* rectangle.cpp */,
				2D7BBE632CA3D0F50070EAF9 /* graphicsWorld.cpp */,
				2D7BBE582CA375710070EAF9 /* point.h */,
				2D7BBE5A2CA3797A0070EAF9 /* shape.h */,
				2D7BBE5F2CA3A0D90070EAF9 /* square.h */,
				2D7BBE602CA3CE9A0070EAF9 /* rectangle.h */,
				2D7BBE652CA3D1000070EAF9 /* graphicsWorld.h */,
			);
			path = ExerciseB;
			sourceTree = "<group>";
		};
		2DB1EF122C9C802500B0957D = {
			isa = PBXGroup;
			children = (
				2DB1EF2A2C9C805100B0957D /* ExerciseA */,
				2D7BBE502CA21B420070EAF9 /* ExerciseB */,
				2DB1EF1C2C9C802500B0957D /* Products */,
			);
			sourceTree = "<group>";
		};
		2DB1EF1C2C9C802500B0957D /* Products */ = {
			isa = PBXGroup;
			children = (
				2DB1EF1B2C9C802500B0957D /* ENSF-614_Lab2 */,
				2DB1EF292C9C805100B0957D /* ExerciseA */,
				2D7BBE4F2CA21B420070EAF9 /* ExerciseB */,
			);
			name = Products;
			sourceTree = "<group>";
		};
		2DB1EF2A2C9C805100B0957D /* ExerciseA */ = {
			isa = PBXGroup;
			children = (
				2DB1EF302C9C808300B0957D /* dictionaryList.h */,
				2DB1EF312C9C808300B0957D /* dictionaryList.cpp */,
				2DB1EF322C9C808300B0957D /* exBmain.cpp */,
				2DB1EF332C9C808300B0957D /* mystring_B.h */,
				2DB1EF342C9C808300B0957D /* mystring_B.cpp */,
			);
			path = ExerciseA;
			sourceTree = "<group>";
		};
/* End PBXGroup section */

/* Begin PBXNativeTarget section */
		2D7BBE4E2CA21B420070EAF9 /* ExerciseB */ = {
			isa = PBXNativeTarget;
			buildConfigurationList = 2D7BBE552CA21B420070EAF9 /* Build configuration list for PBXNativeTarget "ExerciseB" */;
			buildPhases = (
				2D7BBE4B2CA21B420070EAF9 /* Sources */,
				2D7BBE4C2CA21B420070EAF9 /* Frameworks */,
				2D7BBE4D2CA21B420070EAF9 /* CopyFiles */,
			);
			buildRules = (
			);
			dependencies = (
			);
			name = ExerciseB;
			productName = ExerciseB;
			productReference = 2D7BBE4F2CA21B420070EAF9 /* ExerciseB */;
			productType = "com.apple.product-type.tool";
		};
		2DB1EF1A2C9C802500B0957D /* ENSF-614_Lab2 */ = {
			isa = PBXNativeTarget;
			buildConfigurationList = 2DB1EF222C9C802500B0957D /* Build configuration list for PBXNativeTarget "ENSF-614_Lab2" */;
			buildPhases = (
				2DB1EF172C9C802500B0957D /* Sources */,
				2DB1EF182C9C802500B0957D /* Frameworks */,
				2DB1EF192C9C802500B0957D /* CopyFiles */,
			);
			buildRules = (
			);
			dependencies = (
			);
			name = "ENSF-614_Lab2";
			productName = "ENSF-614_Lab2";
			productReference = 2DB1EF1B2C9C802500B0957D /* ENSF-614_Lab2 */;
			productType = "com.apple.product-type.tool";
		};
		2DB1EF282C9C805100B0957D /* ExerciseA */ = {
			isa = PBXNativeTarget;
			buildConfigurationList = 2DB1EF2D2C9C805100B0957D /* Build configuration list for PBXNativeTarget "ExerciseA" */;
			buildPhases = (
				2DB1EF252C9C805100B0957D /* Sources */,
				2DB1EF262C9C805100B0957D /* Frameworks */,
				2DB1EF272C9C805100B0957D /* CopyFiles */,
			);
			buildRules = (
			);
			dependencies = (
			);
			name = ExerciseA;
			productName = ExerciseA;
			productReference = 2DB1EF292C9C805100B0957D /* ExerciseA */;
			productType = "com.apple.product-type.tool";
		};
/* End PBXNativeTarget section */

/* Begin PBXProject section */
		2DB1EF132C9C802500B0957D /* Project object */ = {
			isa = PBXProject;
			attributes = {
				BuildIndependentTargetsInParallel = 1;
				LastUpgradeCheck = 1600;
				TargetAttributes = {
					2D7BBE4E2CA21B420070EAF9 = {
						CreatedOnToolsVersion = 16.0;
					};
					2DB1EF1A2C9C802500B0957D = {
						CreatedOnToolsVersion = 16.0;
					};
					2DB1EF282C9C805100B0957D = {
						CreatedOnToolsVersion = 16.0;
					};
				};
			};
			buildConfigurationList = 2DB1EF162C9C802500B0957D /* Build configuration list for PBXProject "ENSF-614_Lab2" */;
			compatibilityVersion = "Xcode 15.0";
			developmentRegion = en;
			hasScannedForEncodings = 0;
			knownRegions = (
				en,
				Base,
			);
			mainGroup = 2DB1EF122C9C802500B0957D;
			productRefGroup = 2DB1EF1C2C9C802500B0957D /* Products */;
			projectDirPath = "";
			projectRoot = "";
			targets = (
				2DB1EF1A2C9C802500B0957D /* ENSF-614_Lab2 */,
				2DB1EF282C9C805100B0957D /* ExerciseA */,
				2D7BBE4E2CA21B420070EAF9 /* ExerciseB */,
			);
		};
/* End PBXProject section */

/* Begin PBXSourcesBuildPhase section */
		2D7BBE4B2CA21B420070EAF9 /* Sources */ = {
			isa = PBXSourcesBuildPhase;
			buildActionMask = 2147483647;
			files = (
				2D7BBE5E2CA3A0CE0070EAF9 /* square.cpp in Sources */,
				2D7BBE642CA3D0F50070EAF9 /* graphicsWorld.cpp in Sources */,
				2D7BBE572CA3755E0070EAF9 /* point.cpp in Sources */,
				2D7BBE5C2CA3798A0070EAF9 /* shape.cpp in Sources */,
				2D7BBE522CA21B420070EAF9 /* main.cpp in Sources */,
				2D7BBE622CA3CEAA0070EAF9 /* rectangle.cpp in Sources */,
			);
			runOnlyForDeploymentPostprocessing = 0;
		};
		2DB1EF172C9C802500B0957D /* Sources */ = {
			isa = PBXSourcesBuildPhase;
			buildActionMask = 2147483647;
			files = (
			);
			runOnlyForDeploymentPostprocessing = 0;
		};
		2DB1EF252C9C805100B0957D /* Sources */ = {
			isa = PBXSourcesBuildPhase;
			buildActionMask = 2147483647;
			files = (
				2DB1EF352C9C808300B0957D /* mystring_B.cpp in Sources */,
				2DB1EF362C9C808300B0957D /* dictionaryList.cpp in Sources */,
				2DB1EF372C9C808300B0957D /* exBmain.cpp in Sources */,
			);
			runOnlyForDeploymentPostprocessing = 0;
		};
/* End PBXSourcesBuildPhase section */

/* Begin XCBuildConfiguration section */
		2D7BBE532CA21B420070EAF9 /* Debug */ = {
			isa = XCBuildConfiguration;
			buildSettings = {
				CODE_SIGN_STYLE = Automatic;
				DEVELOPMENT_TEAM = 7JZ4LMZQ3Z;
				ENABLE_HARDENED_RUNTIME = YES;
				PRODUCT_NAME = "$(TARGET_NAME)";
			};
			name = Debug;
		};
		2D7BBE542CA21B420070EAF9 /* Release */ = {
			isa = XCBuildConfiguration;
			buildSettings = {
				CODE_SIGN_STYLE = Automatic;
				DEVELOPMENT_TEAM = 7JZ4LMZQ3Z;
				ENABLE_HARDENED_RUNTIME = YES;
				PRODUCT_NAME = "$(TARGET_NAME)";
			};
			name = Release;
		};
		2DB1EF202C9C802500B0957D /* Debug */ = {
			isa = XCBuildConfiguration;
			buildSettings = {
				ALWAYS_SEARCH_USER_PATHS = NO;
				ASSETCATALOG_COMPILER_GENERATE_SWIFT_ASSET_SYMBOL_EXTENSIONS = YES;
				CLANG_ANALYZER_NONNULL = YES;
				CLANG_ANALYZER_NUMBER_OBJECT_CONVERSION = YES_AGGRESSIVE;
				CLANG_CXX_LANGUAGE_STANDARD = "gnu++20";
				CLANG_ENABLE_MODULES = YES;
				CLANG_ENABLE_OBJC_ARC = YES;
				CLANG_ENABLE_OBJC_WEAK = YES;
				CLANG_WARN_BLOCK_CAPTURE_AUTORELEASING = YES;
				CLANG_WARN_BOOL_CONVERSION = YES;
				CLANG_WARN_COMMA = YES;
				CLANG_WARN_CONSTANT_CONVERSION = YES;
				CLANG_WARN_DEPRECATED_OBJC_IMPLEMENTATIONS = YES;
				CLANG_WARN_DIRECT_OBJC_ISA_USAGE = YES_ERROR;
				CLANG_WARN_DOCUMENTATION_COMMENTS = YES;
				CLANG_WARN_EMPTY_BODY = YES;
				CLANG_WARN_ENUM_CONVERSION = YES;
				CLANG_WARN_INFINITE_RECURSION = YES;
				CLANG_WARN_INT_CONVERSION = YES;
				CLANG_WARN_NON_LITERAL_NULL_CONVERSION = YES;
				CLANG_WARN_OBJC_IMPLICIT_RETAIN_SELF = YES;
				CLANG_WARN_OBJC_LITERAL_CONVERSION = YES;
				CLANG_WARN_OBJC_ROOT_CLASS = YES_ERROR;
				CLANG_WARN_QUOTED_INCLUDE_IN_FRAMEWORK_HEADER = YES;
				CLANG_WARN_RANGE_LOOP_ANALYSIS = YES;
				CLANG_WARN_STRICT_PROTOTYPES = YES;
				CLANG_WARN_SUSPICIOUS_MOVE = YES;
				CLANG_WARN_UNGUARDED_AVAILABILITY = YES_AGGRESSIVE;
				CLANG_WARN_UNREACHABLE_CODE = YES;
				CLANG_WARN__DUPLICATE_METHOD_MATCH = YES;
				COPY_PHASE_STRIP = NO;
				DEBUG_INFORMATION_FORMAT = dwarf;
				ENABLE_STRICT_OBJC_MSGSEND = YES;
				ENABLE_TESTABILITY = YES;
				ENABLE_USER_SCRIPT_SANDBOXING = YES;
				GCC_C_LANGUAGE_STANDARD = gnu17;
				GCC_DYNAMIC_NO_PIC = NO;
				GCC_NO_COMMON_BLOCKS = YES;
				GCC_OPTIMIZATION_LEVEL = 0;
				GCC_PREPROCESSOR_DEFINITIONS = (
					"DEBUG=1",
					"$(inherited)",
				);
				GCC_WARN_64_TO_32_BIT_CONVERSION = YES;
				GCC_WARN_ABOUT_RETURN_TYPE = YES_ERROR;
				GCC_WARN_UNDECLARED_SELECTOR = YES;
				GCC_WARN_UNINITIALIZED_AUTOS = YES_AGGRESSIVE;
				GCC_WARN_UNUSED_FUNCTION = YES;
				GCC_WARN_UNUSED_VARIABLE = YES;
				LOCALIZATION_PREFERS_STRING_CATALOGS = YES;
				MACOSX_DEPLOYMENT_TARGET = 15.0;
				MTL_ENABLE_DEBUG_INFO = INCLUDE_SOURCE;
				MTL_FAST_MATH = YES;
				ONLY_ACTIVE_ARCH = YES;
				SDKROOT = macosx;
			};
			name = Debug;
		};
		2DB1EF212C9C802500B0957D /* Release */ = {
			isa = XCBuildConfiguration;
			buildSettings = {
				ALWAYS_SEARCH_USER_PATHS = NO;
				ASSETCATALOG_COMPILER_GENERATE_SWIFT_ASSET_SYMBOL_EXTENSIONS = YES;
				CLANG_ANALYZER_NONNULL = YES;
				CLANG_ANALYZER_NUMBER_OBJECT_CONVERSION = YES_AGGRESSIVE;
				CLANG_CXX_LANGUAGE_STANDARD = "gnu++20";
				CLANG_ENABLE_MODULES = YES;
				CLANG_ENABLE_OBJC_ARC = YES;
				CLANG_ENABLE_OBJC_WEAK = YES;
				CLANG_WARN_BLOCK_CAPTURE_AUTORELEASING = YES;
				CLANG_WARN_BOOL_CONVERSION = YES;
				CLANG_WARN_COMMA = YES;
				CLANG_WARN_CONSTANT_CONVERSION = YES;
				CLANG_WARN_DEPRECATED_OBJC_IMPLEMENTATIONS = YES;
				CLANG_WARN_DIRECT_OBJC_ISA_USAGE = YES_ERROR;
				CLANG_WARN_DOCUMENTATION_COMMENTS = YES;
				CLANG_WARN_EMPTY_BODY = YES;
				CLANG_WARN_ENUM_CONVERSION = YES;
				CLANG_WARN_INFINITE_RECURSION = YES;
				CLANG_WARN_INT_CONVERSION = YES;
				CLANG_WARN_NON_LITERAL_NULL_CONVERSION = YES;
				CLANG_WARN_OBJC_IMPLICIT_RETAIN_SELF = YES;
				CLANG_WARN_OBJC_LITERAL_CONVERSION = YES;
				CLANG_WARN_OBJC_ROOT_CLASS = YES_ERROR;
				CLANG_WARN_QUOTED_INCLUDE_IN_FRAMEWORK_HEADER = YES;
				CLANG_WARN_RANGE_LOOP_ANALYSIS = YES;
				CLANG_WARN_STRICT_PROTOTYPES = YES;
				CLANG_WARN_SUSPICIOUS_MOVE = YES;
				CLANG_WARN_UNGUARDED_AVAILABILITY = YES_AGGRESSIVE;
				CLANG_WARN_UNREACHABLE_CODE = YES;
				CLANG_WARN__DUPLICATE_METHOD_MATCH = YES;
				COPY_PHASE_STRIP = NO;
				DEBUG_INFORMATION_FORMAT = "dwarf-with-dsym";
				ENABLE_NS_ASSERTIONS = NO;
				ENABLE_STRICT_OBJC_MSGSEND = YES;
				ENABLE_USER_SCRIPT_SANDBOXING = YES;
				GCC_C_LANGUAGE_STANDARD = gnu17;
				GCC_NO_COMMON_BLOCKS = YES;
				GCC_WARN_64_TO_32_BIT_CONVERSION = YES;
				GCC_WARN_ABOUT_RETURN_TYPE = YES_ERROR;
				GCC_WARN_UNDECLARED_SELECTOR = YES;
				GCC_WARN_UNINITIALIZED_AUTOS = YES_AGGRESSIVE;
				GCC_WARN_UNUSED_FUNCTION = YES;
				GCC_WARN_UNUSED_VARIABLE = YES;
				LOCALIZATION_PREFERS_STRING_CATALOGS = YES;
				MACOSX_DEPLOYMENT_TARGET = 15.0;
				MTL_ENABLE_DEBUG_INFO = NO;
				MTL_FAST_MATH = YES;
				SDKROOT = macosx;
			};
			name = Release;
		};
		2DB1EF232C9C802500B0957D /* Debug */ = {
			isa = XCBuildConfiguration;
			buildSettings = {
				CODE_SIGN_STYLE = Automatic;
				DEVELOPMENT_TEAM = 7JZ4LMZQ3Z;
				ENABLE_HARDENED_RUNTIME = YES;
				PRODUCT_NAME = "$(TARGET_NAME)";
			};
			name = Debug;
		};
		2DB1EF242C9C802500B0957D /* Release */ = {
			isa = XCBuildConfiguration;
			buildSettings = {
				CODE_SIGN_STYLE = Automatic;
				DEVELOPMENT_TEAM = 7JZ4LMZQ3Z;
				ENABLE_HARDENED_RUNTIME = YES;
				PRODUCT_NAME = "$(TARGET_NAME)";
			};
			name = Release;
		};
		2DB1EF2E2C9C805100B0957D /* Debug */ = {
			isa = XCBuildConfiguration;
			buildSettings = {
				CODE_SIGN_STYLE = Automatic;
				DEVELOPMENT_TEAM = 7JZ4LMZQ3Z;
				ENABLE_HARDENED_RUNTIME = YES;
				PRODUCT_NAME = "$(TARGET_NAME)";
			};
			name = Debug;
		};
		2DB1EF2F2C9C805100B0957D /* Release */ = {
			isa = XCBuildConfiguration;
			buildSettings = {
				CODE_SIGN_STYLE = Automatic;
				DEVELOPMENT_TEAM = 7JZ4LMZQ3Z;
				ENABLE_HARDENED_RUNTIME = YES;
				PRODUCT_NAME = "$(TARGET_NAME)";
			};
			name = Release;
		};
/* End XCBuildConfiguration section */

/* Begin XCConfigurationList section */
		2D7BBE552CA21B420070EAF9 /* Build configuration list for PBXNativeTarget "ExerciseB" */ = {
			isa = XCConfigurationList;
			buildConfigurations = (
				2D7BBE532CA21B420070EAF9 /* Debug */,
				2D7BBE542CA21B420070EAF9 /* Release */,
			);
			defaultConfigurationIsVisible = 0;
			defaultConfigurationName = Release;
		};
		2DB1EF162C9C802500B0957D /* Build configuration list for PBXProject "ENSF-614_Lab2" */ = {
			isa = XCConfigurationList;
			buildConfigurations = (
				2DB1EF202C9C802500B0957D /* Debug */,
				2DB1EF212C9C802500B0957D /* Release */,
			);
			defaultConfigurationIsVisible = 0;
			defaultConfigurationName = Release;
		};
		2DB1EF222C9C802500B0957D /* Build configuration list for PBXNativeTarget "ENSF-614_Lab2" */ = {
			isa = XCConfigurationList;
			buildConfigurations = (
				2DB1EF232C9C802500B0957D /* Debug */,
				2DB1EF242C9C802500B0957D /* Release */,
			);
			defaultConfigurationIsVisible = 0;
			defaultConfigurationName = Release;
		};
		2DB1EF2D2C9C805100B0957D /* Build configuration list for PBXNativeTarget "ExerciseA" */ = {
			isa = XCConfigurationList;
			buildConfigurations = (
				2DB1EF2E2C9C805100B0957D /* Debug */,
				2DB1EF2F2C9C805100B0957D /* Release */,
			);
			defaultConfigurationIsVisible = 0;
			defaultConfigurationName = Release;
		};
/* End XCConfigurationList section */
	};
	rootObject = 2DB1EF132C9C802500B0957D /* Project object */;
}
